{
  "name": "secrets-test",
  "version": "1.0.0",
  "lockfileVersion": 2,
  "requires": true,
  "packages": {
    "": {
      "version": "1.0.0",
      "license": "ISC",
      "dependencies": {
        "@sgrove/netlify-functions": "^0.7.3-handle-secrets.3"
      },
      "devDependencies": {
        "@types/node": "^16.4.8"
      }
    },
    "node_modules/@sgrove/netlify-functions": {
      "version": "0.7.3-handle-secrets.3",
      "resolved": "https://registry.npmjs.org/@sgrove/netlify-functions/-/netlify-functions-0.7.3-handle-secrets.3.tgz",
      "integrity": "sha512-qzxZqRX9mnraNJF/TqYQm1fycsSVrQM0VNtlLanXhCkdLwOSTuKU8/MaaMZu319yblohfEpSt+HmGJE+JGz0tQ==",
      "dependencies": {
        "is-promise": "^4.0.0"
      },
      "engines": {
        "node": ">=8.3.0"
      }
    },
    "node_modules/@types/node": {
      "version": "16.4.8",
      "resolved": "https://registry.npmjs.org/@types/node/-/node-16.4.8.tgz",
      "integrity": "sha512-VL7RZyCpfYEmbyd3/Eq5RNYhZt7yoL1JThZQ3KzimzhLya2Qa86U1ZZmioNWAAjiz99z1ED1xF9NUV2srvfVrA==",
      "dev": true
    },
    "node_modules/is-promise": {
      "version": "4.0.0",
      "resolved": "https://registry.npmjs.org/is-promise/-/is-promise-4.0.0.tgz",
      "integrity": "sha512-hvpoI6korhJMnej285dSg6nu1+e6uxs7zG3BYAm5byqDsgJNWwxzM6z6iZiAgQR4TJ30JmBTOwqZUw3WlyH3AQ=="
    }
  },
  "dependencies": {
    "@sgrove/netlify-functions": {
      "version": "0.7.3-handle-secrets.3",
      "resolved": "https://registry.npmjs.org/@sgrove/netlify-functions/-/netlify-functions-0.7.3-handle-secrets.3.tgz",
      "integrity": "sha512-qzxZqRX9mnraNJF/TqYQm1fycsSVrQM0VNtlLanXhCkdLwOSTuKU8/MaaMZu319yblohfEpSt+HmGJE+JGz0tQ==",
      "requires": {
        "is-promise": "^4.0.0"
      }
    },
    "@types/node": {
      "version": "16.4.8",
      "resolved": "https://registry.npmjs.org/@types/node/-/node-16.4.8.tgz",
      "integrity": "sha512-VL7RZyCpfYEmbyd3/Eq5RNYhZt7yoL1JThZQ3KzimzhLya2Qa86U1ZZmioNWAAjiz99z1ED1xF9NUV2srvfVrA==",
      "dev": true
    },
    "is-promise": {
      "version": "4.0.0",
      "resolved": "https://registry.npmjs.org/is-promise/-/is-promise-4.0.0.tgz",
      "integrity": "sha512-hvpoI6korhJMnej285dSg6nu1+e6uxs7zG3BYAm5byqDsgJNWwxzM6z6iZiAgQR4TJ30JmBTOwqZUw3WlyH3AQ=="
    }
  }
}
